
Microsoft Visual Studio Solution File, Format Version 12.00
Project("{FAE04EC0-301F-11D3-BF4B-00C04F79EFBC}") = "Task01", "Task01\Task01.csproj", "{F1C42DA3-1807-4F2D-8E5A-DE4C9DD227A5}"
EndProject
Project("{FAE04EC0-301F-11D3-BF4B-00C04F79EFBC}") = "Task02", "Task02\Task02.csproj", "{E6A408DC-1F5F-4231-BE6F-D1CF6A1BD534}"
EndProject
Project("{FAE04EC0-301F-11D3-BF4B-00C04F79EFBC}") = "Task04", "Task04\Task04.csproj", "{D5619B25-81F8-41BB-8E91-AB913775DB72}"
EndProject
Project("{FAE04EC0-301F-11D3-BF4B-00C04F79EFBC}") = "Task03", "Task03\Task03.csproj", "{6051205A-DEA0-49FE-8EE8-A04C7C7AC5FD}"
EndProject
Project("{FAE04EC0-301F-11D3-BF4B-00C04F79EFBC}") = "Task05", "Task05\Task05.csproj", "{9B171858-61F0-459E-8359-420CF6C5F557}"
EndProject
Project("{FAE04EC0-301F-11D3-BF4B-00C04F79EFBC}") = "Task06", "Task06\Task06.csproj", "{3A21C650-5127-4F20-9238-ADA1BF682201}"
EndProject
Project("{FAE04EC0-301F-11D3-BF4B-00C04F79EFBC}") = "Task07", "Task07\Task07.csproj", "{B79E5129-9FFF-4D64-8FE5-5E99DF1F8459}"
EndProject
Project("{FAE04EC0-301F-11D3-BF4B-00C04F79EFBC}") = "Task08", "Task08\Task08.csproj", "{5D55D520-237C-4F66-B1D2-DA971647A2BC}"
EndProject
Project("{FAE04EC0-301F-11D3-BF4B-00C04F79EFBC}") = "Task09", "Task09\Task09.csproj", "{22FFDCB4-795A-44D0-9FC8-041378918B5E}"
EndProject
Project("{FAE04EC0-301F-11D3-BF4B-00C04F79EFBC}") = "Task10", "Task10\Task10.csproj", "{BFFF2652-4A08-4544-B71C-4212C7E0FF87}"
EndProject
Global
	GlobalSection(SolutionConfigurationPlatforms) = preSolution
		Debug|Any CPU = Debug|Any CPU
		Release|Any CPU = Release|Any CPU
	EndGlobalSection
	GlobalSection(ProjectConfigurationPlatforms) = postSolution
		{F1C42DA3-1807-4F2D-8E5A-DE4C9DD227A5}.Debug|Any CPU.ActiveCfg = Debug|Any CPU
		{F1C42DA3-1807-4F2D-8E5A-DE4C9DD227A5}.Debug|Any CPU.Build.0 = Debug|Any CPU
		{F1C42DA3-1807-4F2D-8E5A-DE4C9DD227A5}.Release|Any CPU.ActiveCfg = Release|Any CPU
		{F1C42DA3-1807-4F2D-8E5A-DE4C9DD227A5}.Release|Any CPU.Build.0 = Release|Any CPU
		{E6A408DC-1F5F-4231-BE6F-D1CF6A1BD534}.Debug|Any CPU.ActiveCfg = Debug|Any CPU
		{E6A408DC-1F5F-4231-BE6F-D1CF6A1BD534}.Debug|Any CPU.Build.0 = Debug|Any CPU
		{E6A408DC-1F5F-4231-BE6F-D1CF6A1BD534}.Release|Any CPU.ActiveCfg = Release|Any CPU
		{E6A408DC-1F5F-4231-BE6F-D1CF6A1BD534}.Release|Any CPU.Build.0 = Release|Any CPU
		{D5619B25-81F8-41BB-8E91-AB913775DB72}.Debug|Any CPU.ActiveCfg = Debug|Any CPU
		{D5619B25-81F8-41BB-8E91-AB913775DB72}.Debug|Any CPU.Build.0 = Debug|Any CPU
		{D5619B25-81F8-41BB-8E91-AB913775DB72}.Release|Any CPU.ActiveCfg = Release|Any CPU
		{D5619B25-81F8-41BB-8E91-AB913775DB72}.Release|Any CPU.Build.0 = Release|Any CPU
		{6051205A-DEA0-49FE-8EE8-A04C7C7AC5FD}.Debug|Any CPU.ActiveCfg = Debug|Any CPU
		{6051205A-DEA0-49FE-8EE8-A04C7C7AC5FD}.Debug|Any CPU.Build.0 = Debug|Any CPU
		{6051205A-DEA0-49FE-8EE8-A04C7C7AC5FD}.Release|Any CPU.ActiveCfg = Release|Any CPU
		{6051205A-DEA0-49FE-8EE8-A04C7C7AC5FD}.Release|Any CPU.Build.0 = Release|Any CPU
		{9B171858-61F0-459E-8359-420CF6C5F557}.Debug|Any CPU.ActiveCfg = Debug|Any CPU
		{9B171858-61F0-459E-8359-420CF6C5F557}.Debug|Any CPU.Build.0 = Debug|Any CPU
		{9B171858-61F0-459E-8359-420CF6C5F557}.Release|Any CPU.ActiveCfg = Release|Any CPU
		{9B171858-61F0-459E-8359-420CF6C5F557}.Release|Any CPU.Build.0 = Release|Any CPU
		{3A21C650-5127-4F20-9238-ADA1BF682201}.Debug|Any CPU.ActiveCfg = Debug|Any CPU
		{3A21C650-5127-4F20-9238-ADA1BF682201}.Debug|Any CPU.Build.0 = Debug|Any CPU
		{3A21C650-5127-4F20-9238-ADA1BF682201}.Release|Any CPU.ActiveCfg = Release|Any CPU
		{3A21C650-5127-4F20-9238-ADA1BF682201}.Release|Any CPU.Build.0 = Release|Any CPU
		{B79E5129-9FFF-4D64-8FE5-5E99DF1F8459}.Debug|Any CPU.ActiveCfg = Debug|Any CPU
		{B79E5129-9FFF-4D64-8FE5-5E99DF1F8459}.Debug|Any CPU.Build.0 = Debug|Any CPU
		{B79E5129-9FFF-4D64-8FE5-5E99DF1F8459}.Release|Any CPU.ActiveCfg = Release|Any CPU
		{B79E5129-9FFF-4D64-8FE5-5E99DF1F8459}.Release|Any CPU.Build.0 = Release|Any CPU
		{5D55D520-237C-4F66-B1D2-DA971647A2BC}.Debug|Any CPU.ActiveCfg = Debug|Any CPU
		{5D55D520-237C-4F66-B1D2-DA971647A2BC}.Debug|Any CPU.Build.0 = Debug|Any CPU
		{5D55D520-237C-4F66-B1D2-DA971647A2BC}.Release|Any CPU.ActiveCfg = Release|Any CPU
		{5D55D520-237C-4F66-B1D2-DA971647A2BC}.Release|Any CPU.Build.0 = Release|Any CPU
		{22FFDCB4-795A-44D0-9FC8-041378918B5E}.Debug|Any CPU.ActiveCfg = Debug|Any CPU
		{22FFDCB4-795A-44D0-9FC8-041378918B5E}.Debug|Any CPU.Build.0 = Debug|Any CPU
		{22FFDCB4-795A-44D0-9FC8-041378918B5E}.Release|Any CPU.ActiveCfg = Release|Any CPU
		{22FFDCB4-795A-44D0-9FC8-041378918B5E}.Release|Any CPU.Build.0 = Release|Any CPU
		{BFFF2652-4A08-4544-B71C-4212C7E0FF87}.Debug|Any CPU.ActiveCfg = Debug|Any CPU
		{BFFF2652-4A08-4544-B71C-4212C7E0FF87}.Debug|Any CPU.Build.0 = Debug|Any CPU
		{BFFF2652-4A08-4544-B71C-4212C7E0FF87}.Release|Any CPU.ActiveCfg = Release|Any CPU
		{BFFF2652-4A08-4544-B71C-4212C7E0FF87}.Release|Any CPU.Build.0 = Release|Any CPU
	EndGlobalSection
EndGlobal
