
Microsoft Visual Studio Solution File, Format Version 12.00
Project("{FAE04EC0-301F-11D3-BF4B-00C04F79EFBC}") = "Task01", "Task01\Task01.csproj", "{6D4E5031-240D-4891-8CCE-D0BB86C71EE8}"
EndProject
Project("{FAE04EC0-301F-11D3-BF4B-00C04F79EFBC}") = "Task02", "Task02\Task02.csproj", "{9198967D-86A2-4CC3-B113-E57EF56DB3A5}"
EndProject
Project("{FAE04EC0-301F-11D3-BF4B-00C04F79EFBC}") = "Task03", "Task03\Task03.csproj", "{5BF4D437-3B4E-4A5E-8F4A-B7906A9F0F95}"
EndProject
Project("{FAE04EC0-301F-11D3-BF4B-00C04F79EFBC}") = "Task04", "Task04\Task04.csproj", "{E315D6E4-0FDB-4EC4-A963-AFAD90A2A9BE}"
EndProject
Project("{FAE04EC0-301F-11D3-BF4B-00C04F79EFBC}") = "Task05", "Task05\Task05.csproj", "{8BF424C4-6122-4784-8BDC-FE31C0CC20C4}"
EndProject
Project("{FAE04EC0-301F-11D3-BF4B-00C04F79EFBC}") = "Task06", "Task06\Task06.csproj", "{0A9E9D86-901A-4524-907C-FA49F222B940}"
EndProject
Project("{FAE04EC0-301F-11D3-BF4B-00C04F79EFBC}") = "Task07", "Task07\Task07.csproj", "{2A34B39F-643F-48E4-BE9B-3B880AB3A4E8}"
EndProject
Project("{FAE04EC0-301F-11D3-BF4B-00C04F79EFBC}") = "Task08", "Task08\Task08.csproj", "{57D82164-6D01-41AC-91B4-0CE8128B14B2}"
EndProject
Project("{FAE04EC0-301F-11D3-BF4B-00C04F79EFBC}") = "Task09", "Task09\Task09.csproj", "{E41F5041-C25F-4B60-B0BF-60EDB44D6DDE}"
EndProject
Global
	GlobalSection(SolutionConfigurationPlatforms) = preSolution
		Debug|Any CPU = Debug|Any CPU
		Release|Any CPU = Release|Any CPU
	EndGlobalSection
	GlobalSection(ProjectConfigurationPlatforms) = postSolution
		{6D4E5031-240D-4891-8CCE-D0BB86C71EE8}.Debug|Any CPU.ActiveCfg = Debug|Any CPU
		{6D4E5031-240D-4891-8CCE-D0BB86C71EE8}.Debug|Any CPU.Build.0 = Debug|Any CPU
		{6D4E5031-240D-4891-8CCE-D0BB86C71EE8}.Release|Any CPU.ActiveCfg = Release|Any CPU
		{6D4E5031-240D-4891-8CCE-D0BB86C71EE8}.Release|Any CPU.Build.0 = Release|Any CPU
		{9198967D-86A2-4CC3-B113-E57EF56DB3A5}.Debug|Any CPU.ActiveCfg = Debug|Any CPU
		{9198967D-86A2-4CC3-B113-E57EF56DB3A5}.Debug|Any CPU.Build.0 = Debug|Any CPU
		{9198967D-86A2-4CC3-B113-E57EF56DB3A5}.Release|Any CPU.ActiveCfg = Release|Any CPU
		{9198967D-86A2-4CC3-B113-E57EF56DB3A5}.Release|Any CPU.Build.0 = Release|Any CPU
		{5BF4D437-3B4E-4A5E-8F4A-B7906A9F0F95}.Debug|Any CPU.ActiveCfg = Debug|Any CPU
		{5BF4D437-3B4E-4A5E-8F4A-B7906A9F0F95}.Debug|Any CPU.Build.0 = Debug|Any CPU
		{5BF4D437-3B4E-4A5E-8F4A-B7906A9F0F95}.Release|Any CPU.ActiveCfg = Release|Any CPU
		{5BF4D437-3B4E-4A5E-8F4A-B7906A9F0F95}.Release|Any CPU.Build.0 = Release|Any CPU
		{E315D6E4-0FDB-4EC4-A963-AFAD90A2A9BE}.Debug|Any CPU.ActiveCfg = Debug|Any CPU
		{E315D6E4-0FDB-4EC4-A963-AFAD90A2A9BE}.Debug|Any CPU.Build.0 = Debug|Any CPU
		{E315D6E4-0FDB-4EC4-A963-AFAD90A2A9BE}.Release|Any CPU.ActiveCfg = Release|Any CPU
		{E315D6E4-0FDB-4EC4-A963-AFAD90A2A9BE}.Release|Any CPU.Build.0 = Release|Any CPU
		{8BF424C4-6122-4784-8BDC-FE31C0CC20C4}.Debug|Any CPU.ActiveCfg = Debug|Any CPU
		{8BF424C4-6122-4784-8BDC-FE31C0CC20C4}.Debug|Any CPU.Build.0 = Debug|Any CPU
		{8BF424C4-6122-4784-8BDC-FE31C0CC20C4}.Release|Any CPU.ActiveCfg = Release|Any CPU
		{8BF424C4-6122-4784-8BDC-FE31C0CC20C4}.Release|Any CPU.Build.0 = Release|Any CPU
		{0A9E9D86-901A-4524-907C-FA49F222B940}.Debug|Any CPU.ActiveCfg = Debug|Any CPU
		{0A9E9D86-901A-4524-907C-FA49F222B940}.Debug|Any CPU.Build.0 = Debug|Any CPU
		{0A9E9D86-901A-4524-907C-FA49F222B940}.Release|Any CPU.ActiveCfg = Release|Any CPU
		{0A9E9D86-901A-4524-907C-FA49F222B940}.Release|Any CPU.Build.0 = Release|Any CPU
		{2A34B39F-643F-48E4-BE9B-3B880AB3A4E8}.Debug|Any CPU.ActiveCfg = Debug|Any CPU
		{2A34B39F-643F-48E4-BE9B-3B880AB3A4E8}.Debug|Any CPU.Build.0 = Debug|Any CPU
		{2A34B39F-643F-48E4-BE9B-3B880AB3A4E8}.Release|Any CPU.ActiveCfg = Release|Any CPU
		{2A34B39F-643F-48E4-BE9B-3B880AB3A4E8}.Release|Any CPU.Build.0 = Release|Any CPU
		{57D82164-6D01-41AC-91B4-0CE8128B14B2}.Debug|Any CPU.ActiveCfg = Debug|Any CPU
		{57D82164-6D01-41AC-91B4-0CE8128B14B2}.Debug|Any CPU.Build.0 = Debug|Any CPU
		{57D82164-6D01-41AC-91B4-0CE8128B14B2}.Release|Any CPU.ActiveCfg = Release|Any CPU
		{57D82164-6D01-41AC-91B4-0CE8128B14B2}.Release|Any CPU.Build.0 = Release|Any CPU
		{E41F5041-C25F-4B60-B0BF-60EDB44D6DDE}.Debug|Any CPU.ActiveCfg = Debug|Any CPU
		{E41F5041-C25F-4B60-B0BF-60EDB44D6DDE}.Debug|Any CPU.Build.0 = Debug|Any CPU
		{E41F5041-C25F-4B60-B0BF-60EDB44D6DDE}.Release|Any CPU.ActiveCfg = Release|Any CPU
		{E41F5041-C25F-4B60-B0BF-60EDB44D6DDE}.Release|Any CPU.Build.0 = Release|Any CPU
	EndGlobalSection
EndGlobal
