
Microsoft Visual Studio Solution File, Format Version 12.00
Project("{FAE04EC0-301F-11D3-BF4B-00C04F79EFBC}") = "Task01", "Task01\Task01.csproj", "{CF3C11E9-2BD8-45CC-A03B-ECE5F2C5C288}"
EndProject
Project("{FAE04EC0-301F-11D3-BF4B-00C04F79EFBC}") = "Task02", "Task02\Task02.csproj", "{682FF39D-3C78-4608-BE9F-99C04EE0F021}"
EndProject
Project("{FAE04EC0-301F-11D3-BF4B-00C04F79EFBC}") = "Task03", "Task03\Task03.csproj", "{71E8398C-30A5-4F97-8738-55612AB99444}"
EndProject
Project("{FAE04EC0-301F-11D3-BF4B-00C04F79EFBC}") = "Task04", "Task04\Task04.csproj", "{C5F8796B-EA77-448D-85AE-D3F39E4933CC}"
EndProject
Project("{FAE04EC0-301F-11D3-BF4B-00C04F79EFBC}") = "Task05", "Task05\Task05.csproj", "{9255A76F-D478-4DB6-A71D-17DDA1DBE9D7}"
EndProject
Project("{FAE04EC0-301F-11D3-BF4B-00C04F79EFBC}") = "Task06", "Task06\Task06.csproj", "{315410DB-3DE5-47D7-8D27-2803546F3C08}"
EndProject
Project("{FAE04EC0-301F-11D3-BF4B-00C04F79EFBC}") = "Task07", "Task07\Task07.csproj", "{5E4FE8A1-EDC0-412A-BE68-E113AA2C19F8}"
EndProject
Project("{FAE04EC0-301F-11D3-BF4B-00C04F79EFBC}") = "Task08", "Task08\Task08.csproj", "{27C2D245-6BD0-4C1A-B89B-AB10622F0821}"
EndProject
Global
	GlobalSection(SolutionConfigurationPlatforms) = preSolution
		Debug|Any CPU = Debug|Any CPU
		Release|Any CPU = Release|Any CPU
	EndGlobalSection
	GlobalSection(ProjectConfigurationPlatforms) = postSolution
		{CF3C11E9-2BD8-45CC-A03B-ECE5F2C5C288}.Debug|Any CPU.ActiveCfg = Debug|Any CPU
		{CF3C11E9-2BD8-45CC-A03B-ECE5F2C5C288}.Debug|Any CPU.Build.0 = Debug|Any CPU
		{CF3C11E9-2BD8-45CC-A03B-ECE5F2C5C288}.Release|Any CPU.ActiveCfg = Release|Any CPU
		{CF3C11E9-2BD8-45CC-A03B-ECE5F2C5C288}.Release|Any CPU.Build.0 = Release|Any CPU
		{682FF39D-3C78-4608-BE9F-99C04EE0F021}.Debug|Any CPU.ActiveCfg = Debug|Any CPU
		{682FF39D-3C78-4608-BE9F-99C04EE0F021}.Debug|Any CPU.Build.0 = Debug|Any CPU
		{682FF39D-3C78-4608-BE9F-99C04EE0F021}.Release|Any CPU.ActiveCfg = Release|Any CPU
		{682FF39D-3C78-4608-BE9F-99C04EE0F021}.Release|Any CPU.Build.0 = Release|Any CPU
		{71E8398C-30A5-4F97-8738-55612AB99444}.Debug|Any CPU.ActiveCfg = Debug|Any CPU
		{71E8398C-30A5-4F97-8738-55612AB99444}.Debug|Any CPU.Build.0 = Debug|Any CPU
		{71E8398C-30A5-4F97-8738-55612AB99444}.Release|Any CPU.ActiveCfg = Release|Any CPU
		{71E8398C-30A5-4F97-8738-55612AB99444}.Release|Any CPU.Build.0 = Release|Any CPU
		{C5F8796B-EA77-448D-85AE-D3F39E4933CC}.Debug|Any CPU.ActiveCfg = Debug|Any CPU
		{C5F8796B-EA77-448D-85AE-D3F39E4933CC}.Debug|Any CPU.Build.0 = Debug|Any CPU
		{C5F8796B-EA77-448D-85AE-D3F39E4933CC}.Release|Any CPU.ActiveCfg = Release|Any CPU
		{C5F8796B-EA77-448D-85AE-D3F39E4933CC}.Release|Any CPU.Build.0 = Release|Any CPU
		{9255A76F-D478-4DB6-A71D-17DDA1DBE9D7}.Debug|Any CPU.ActiveCfg = Debug|Any CPU
		{9255A76F-D478-4DB6-A71D-17DDA1DBE9D7}.Debug|Any CPU.Build.0 = Debug|Any CPU
		{9255A76F-D478-4DB6-A71D-17DDA1DBE9D7}.Release|Any CPU.ActiveCfg = Release|Any CPU
		{9255A76F-D478-4DB6-A71D-17DDA1DBE9D7}.Release|Any CPU.Build.0 = Release|Any CPU
		{315410DB-3DE5-47D7-8D27-2803546F3C08}.Debug|Any CPU.ActiveCfg = Debug|Any CPU
		{315410DB-3DE5-47D7-8D27-2803546F3C08}.Debug|Any CPU.Build.0 = Debug|Any CPU
		{315410DB-3DE5-47D7-8D27-2803546F3C08}.Release|Any CPU.ActiveCfg = Release|Any CPU
		{315410DB-3DE5-47D7-8D27-2803546F3C08}.Release|Any CPU.Build.0 = Release|Any CPU
		{5E4FE8A1-EDC0-412A-BE68-E113AA2C19F8}.Debug|Any CPU.ActiveCfg = Debug|Any CPU
		{5E4FE8A1-EDC0-412A-BE68-E113AA2C19F8}.Debug|Any CPU.Build.0 = Debug|Any CPU
		{5E4FE8A1-EDC0-412A-BE68-E113AA2C19F8}.Release|Any CPU.ActiveCfg = Release|Any CPU
		{5E4FE8A1-EDC0-412A-BE68-E113AA2C19F8}.Release|Any CPU.Build.0 = Release|Any CPU
		{27C2D245-6BD0-4C1A-B89B-AB10622F0821}.Debug|Any CPU.ActiveCfg = Debug|Any CPU
		{27C2D245-6BD0-4C1A-B89B-AB10622F0821}.Debug|Any CPU.Build.0 = Debug|Any CPU
		{27C2D245-6BD0-4C1A-B89B-AB10622F0821}.Release|Any CPU.ActiveCfg = Release|Any CPU
		{27C2D245-6BD0-4C1A-B89B-AB10622F0821}.Release|Any CPU.Build.0 = Release|Any CPU
	EndGlobalSection
EndGlobal
