
Microsoft Visual Studio Solution File, Format Version 12.00
Project("{FAE04EC0-301F-11D3-BF4B-00C04F79EFBC}") = "Task01", "Task01\Task01.csproj", "{F370DE8B-0FDE-45AB-972D-812234679DF5}"
EndProject
Project("{FAE04EC0-301F-11D3-BF4B-00C04F79EFBC}") = "Task02", "Task02\Task02.csproj", "{6EC0A433-1E10-43D5-A26C-986288129780}"
EndProject
Project("{FAE04EC0-301F-11D3-BF4B-00C04F79EFBC}") = "Task03", "Task03\Task03.csproj", "{B9A07184-5D49-455C-B67C-0702EDD8DC1C}"
EndProject
Project("{FAE04EC0-301F-11D3-BF4B-00C04F79EFBC}") = "Task04", "Task04\Task04.csproj", "{B293A4BD-C5A7-44EF-A9A1-291CD057DFBE}"
EndProject
Project("{FAE04EC0-301F-11D3-BF4B-00C04F79EFBC}") = "Task05", "Task05\Task05.csproj", "{7B246B4B-0E4C-4EE3-AC85-06926A22E7F2}"
EndProject
Project("{FAE04EC0-301F-11D3-BF4B-00C04F79EFBC}") = "Task06", "Task06\Task06.csproj", "{65450495-4CC1-4827-94D5-25DD4506F3D4}"
EndProject
Project("{FAE04EC0-301F-11D3-BF4B-00C04F79EFBC}") = "Task07", "Task07\Task07.csproj", "{E18EF622-C1E8-4095-A087-C97A96E0F146}"
EndProject
Project("{FAE04EC0-301F-11D3-BF4B-00C04F79EFBC}") = "Task08", "Task08\Task08.csproj", "{343740F1-C548-45DE-90E8-6CD44EE53FB2}"
EndProject
Project("{FAE04EC0-301F-11D3-BF4B-00C04F79EFBC}") = "TaskSpecial", "TaskSpecial\TaskSpecial.csproj", "{7983A37A-6229-43CA-8EE3-D9F8DDCBC878}"
EndProject
Global
	GlobalSection(SolutionConfigurationPlatforms) = preSolution
		Debug|Any CPU = Debug|Any CPU
		Release|Any CPU = Release|Any CPU
	EndGlobalSection
	GlobalSection(ProjectConfigurationPlatforms) = postSolution
		{F370DE8B-0FDE-45AB-972D-812234679DF5}.Debug|Any CPU.ActiveCfg = Debug|Any CPU
		{F370DE8B-0FDE-45AB-972D-812234679DF5}.Debug|Any CPU.Build.0 = Debug|Any CPU
		{F370DE8B-0FDE-45AB-972D-812234679DF5}.Release|Any CPU.ActiveCfg = Release|Any CPU
		{F370DE8B-0FDE-45AB-972D-812234679DF5}.Release|Any CPU.Build.0 = Release|Any CPU
		{6EC0A433-1E10-43D5-A26C-986288129780}.Debug|Any CPU.ActiveCfg = Debug|Any CPU
		{6EC0A433-1E10-43D5-A26C-986288129780}.Debug|Any CPU.Build.0 = Debug|Any CPU
		{6EC0A433-1E10-43D5-A26C-986288129780}.Release|Any CPU.ActiveCfg = Release|Any CPU
		{6EC0A433-1E10-43D5-A26C-986288129780}.Release|Any CPU.Build.0 = Release|Any CPU
		{B9A07184-5D49-455C-B67C-0702EDD8DC1C}.Debug|Any CPU.ActiveCfg = Debug|Any CPU
		{B9A07184-5D49-455C-B67C-0702EDD8DC1C}.Debug|Any CPU.Build.0 = Debug|Any CPU
		{B9A07184-5D49-455C-B67C-0702EDD8DC1C}.Release|Any CPU.ActiveCfg = Release|Any CPU
		{B9A07184-5D49-455C-B67C-0702EDD8DC1C}.Release|Any CPU.Build.0 = Release|Any CPU
		{B293A4BD-C5A7-44EF-A9A1-291CD057DFBE}.Debug|Any CPU.ActiveCfg = Debug|Any CPU
		{B293A4BD-C5A7-44EF-A9A1-291CD057DFBE}.Debug|Any CPU.Build.0 = Debug|Any CPU
		{B293A4BD-C5A7-44EF-A9A1-291CD057DFBE}.Release|Any CPU.ActiveCfg = Release|Any CPU
		{B293A4BD-C5A7-44EF-A9A1-291CD057DFBE}.Release|Any CPU.Build.0 = Release|Any CPU
		{7B246B4B-0E4C-4EE3-AC85-06926A22E7F2}.Debug|Any CPU.ActiveCfg = Debug|Any CPU
		{7B246B4B-0E4C-4EE3-AC85-06926A22E7F2}.Debug|Any CPU.Build.0 = Debug|Any CPU
		{7B246B4B-0E4C-4EE3-AC85-06926A22E7F2}.Release|Any CPU.ActiveCfg = Release|Any CPU
		{7B246B4B-0E4C-4EE3-AC85-06926A22E7F2}.Release|Any CPU.Build.0 = Release|Any CPU
		{65450495-4CC1-4827-94D5-25DD4506F3D4}.Debug|Any CPU.ActiveCfg = Debug|Any CPU
		{65450495-4CC1-4827-94D5-25DD4506F3D4}.Debug|Any CPU.Build.0 = Debug|Any CPU
		{65450495-4CC1-4827-94D5-25DD4506F3D4}.Release|Any CPU.ActiveCfg = Release|Any CPU
		{65450495-4CC1-4827-94D5-25DD4506F3D4}.Release|Any CPU.Build.0 = Release|Any CPU
		{E18EF622-C1E8-4095-A087-C97A96E0F146}.Debug|Any CPU.ActiveCfg = Debug|Any CPU
		{E18EF622-C1E8-4095-A087-C97A96E0F146}.Debug|Any CPU.Build.0 = Debug|Any CPU
		{E18EF622-C1E8-4095-A087-C97A96E0F146}.Release|Any CPU.ActiveCfg = Release|Any CPU
		{E18EF622-C1E8-4095-A087-C97A96E0F146}.Release|Any CPU.Build.0 = Release|Any CPU
		{343740F1-C548-45DE-90E8-6CD44EE53FB2}.Debug|Any CPU.ActiveCfg = Debug|Any CPU
		{343740F1-C548-45DE-90E8-6CD44EE53FB2}.Debug|Any CPU.Build.0 = Debug|Any CPU
		{343740F1-C548-45DE-90E8-6CD44EE53FB2}.Release|Any CPU.ActiveCfg = Release|Any CPU
		{343740F1-C548-45DE-90E8-6CD44EE53FB2}.Release|Any CPU.Build.0 = Release|Any CPU
		{7983A37A-6229-43CA-8EE3-D9F8DDCBC878}.Debug|Any CPU.ActiveCfg = Debug|Any CPU
		{7983A37A-6229-43CA-8EE3-D9F8DDCBC878}.Debug|Any CPU.Build.0 = Debug|Any CPU
		{7983A37A-6229-43CA-8EE3-D9F8DDCBC878}.Release|Any CPU.ActiveCfg = Release|Any CPU
		{7983A37A-6229-43CA-8EE3-D9F8DDCBC878}.Release|Any CPU.Build.0 = Release|Any CPU
	EndGlobalSection
EndGlobal
