
Microsoft Visual Studio Solution File, Format Version 12.00
Project("{FAE04EC0-301F-11D3-BF4B-00C04F79EFBC}") = "Task01", "Task01\Task01.csproj", "{6BC305A1-8C2A-44DD-80A6-7B3683376924}"
EndProject
Project("{FAE04EC0-301F-11D3-BF4B-00C04F79EFBC}") = "Task02", "Task02\Task02.csproj", "{CCAFAAD6-0B15-4C8E-B251-0A134841C260}"
EndProject
Project("{FAE04EC0-301F-11D3-BF4B-00C04F79EFBC}") = "Task03", "Task03\Task03.csproj", "{DD0F6752-018C-4D24-B164-D10578D8C84D}"
EndProject
Project("{FAE04EC0-301F-11D3-BF4B-00C04F79EFBC}") = "Task04", "Task04\Task04.csproj", "{086ACF8F-C6C7-4C2A-B4D3-045C02C600A0}"
EndProject
Project("{FAE04EC0-301F-11D3-BF4B-00C04F79EFBC}") = "Task05", "Task05\Task05.csproj", "{1C5F8F94-1CE3-4507-8E51-1441C4792664}"
EndProject
Project("{FAE04EC0-301F-11D3-BF4B-00C04F79EFBC}") = "Task06", "Task06\Task06.csproj", "{8B8728CC-5E7B-40B0-8171-855A3714CDEC}"
EndProject
Project("{FAE04EC0-301F-11D3-BF4B-00C04F79EFBC}") = "Task07", "Task07\Task07.csproj", "{D937A3FF-08F0-4130-B22D-28AD9AE68249}"
EndProject
Global
	GlobalSection(SolutionConfigurationPlatforms) = preSolution
		Debug|Any CPU = Debug|Any CPU
		Release|Any CPU = Release|Any CPU
	EndGlobalSection
	GlobalSection(ProjectConfigurationPlatforms) = postSolution
		{6BC305A1-8C2A-44DD-80A6-7B3683376924}.Debug|Any CPU.ActiveCfg = Debug|Any CPU
		{6BC305A1-8C2A-44DD-80A6-7B3683376924}.Debug|Any CPU.Build.0 = Debug|Any CPU
		{6BC305A1-8C2A-44DD-80A6-7B3683376924}.Release|Any CPU.ActiveCfg = Release|Any CPU
		{6BC305A1-8C2A-44DD-80A6-7B3683376924}.Release|Any CPU.Build.0 = Release|Any CPU
		{CCAFAAD6-0B15-4C8E-B251-0A134841C260}.Debug|Any CPU.ActiveCfg = Debug|Any CPU
		{CCAFAAD6-0B15-4C8E-B251-0A134841C260}.Debug|Any CPU.Build.0 = Debug|Any CPU
		{CCAFAAD6-0B15-4C8E-B251-0A134841C260}.Release|Any CPU.ActiveCfg = Release|Any CPU
		{CCAFAAD6-0B15-4C8E-B251-0A134841C260}.Release|Any CPU.Build.0 = Release|Any CPU
		{DD0F6752-018C-4D24-B164-D10578D8C84D}.Debug|Any CPU.ActiveCfg = Debug|Any CPU
		{DD0F6752-018C-4D24-B164-D10578D8C84D}.Debug|Any CPU.Build.0 = Debug|Any CPU
		{DD0F6752-018C-4D24-B164-D10578D8C84D}.Release|Any CPU.ActiveCfg = Release|Any CPU
		{DD0F6752-018C-4D24-B164-D10578D8C84D}.Release|Any CPU.Build.0 = Release|Any CPU
		{086ACF8F-C6C7-4C2A-B4D3-045C02C600A0}.Debug|Any CPU.ActiveCfg = Debug|Any CPU
		{086ACF8F-C6C7-4C2A-B4D3-045C02C600A0}.Debug|Any CPU.Build.0 = Debug|Any CPU
		{086ACF8F-C6C7-4C2A-B4D3-045C02C600A0}.Release|Any CPU.ActiveCfg = Release|Any CPU
		{086ACF8F-C6C7-4C2A-B4D3-045C02C600A0}.Release|Any CPU.Build.0 = Release|Any CPU
		{1C5F8F94-1CE3-4507-8E51-1441C4792664}.Debug|Any CPU.ActiveCfg = Debug|Any CPU
		{1C5F8F94-1CE3-4507-8E51-1441C4792664}.Debug|Any CPU.Build.0 = Debug|Any CPU
		{1C5F8F94-1CE3-4507-8E51-1441C4792664}.Release|Any CPU.ActiveCfg = Release|Any CPU
		{1C5F8F94-1CE3-4507-8E51-1441C4792664}.Release|Any CPU.Build.0 = Release|Any CPU
		{8B8728CC-5E7B-40B0-8171-855A3714CDEC}.Debug|Any CPU.ActiveCfg = Debug|Any CPU
		{8B8728CC-5E7B-40B0-8171-855A3714CDEC}.Debug|Any CPU.Build.0 = Debug|Any CPU
		{8B8728CC-5E7B-40B0-8171-855A3714CDEC}.Release|Any CPU.ActiveCfg = Release|Any CPU
		{8B8728CC-5E7B-40B0-8171-855A3714CDEC}.Release|Any CPU.Build.0 = Release|Any CPU
		{D937A3FF-08F0-4130-B22D-28AD9AE68249}.Debug|Any CPU.ActiveCfg = Debug|Any CPU
		{D937A3FF-08F0-4130-B22D-28AD9AE68249}.Debug|Any CPU.Build.0 = Debug|Any CPU
		{D937A3FF-08F0-4130-B22D-28AD9AE68249}.Release|Any CPU.ActiveCfg = Release|Any CPU
		{D937A3FF-08F0-4130-B22D-28AD9AE68249}.Release|Any CPU.Build.0 = Release|Any CPU
	EndGlobalSection
EndGlobal
