
Microsoft Visual Studio Solution File, Format Version 12.00
Project("{FAE04EC0-301F-11D3-BF4B-00C04F79EFBC}") = "Task01", "Task01\Task01.csproj", "{6305B038-82B3-4EAE-99EA-097261A96777}"
EndProject
Project("{FAE04EC0-301F-11D3-BF4B-00C04F79EFBC}") = "Task02", "Task02\Task02.csproj", "{3127FFE3-0F2F-4635-983A-87A6056CC397}"
EndProject
Project("{FAE04EC0-301F-11D3-BF4B-00C04F79EFBC}") = "Task03", "Task03\Task03.csproj", "{A49187D5-6403-42E5-A6F2-98E82DE2EC28}"
EndProject
Project("{FAE04EC0-301F-11D3-BF4B-00C04F79EFBC}") = "Task04", "Task04\Task04.csproj", "{2D7E0C88-4727-4A89-B2C8-F075C3BCF33D}"
EndProject
Project("{FAE04EC0-301F-11D3-BF4B-00C04F79EFBC}") = "Task05", "Task05\Task05.csproj", "{838A82AC-5D49-4EC0-AB8D-072C6F75114D}"
EndProject
Project("{FAE04EC0-301F-11D3-BF4B-00C04F79EFBC}") = "Task06", "Task06\Task06.csproj", "{509E161E-FD4F-41DD-9350-72C2B563EE9C}"
EndProject
Global
	GlobalSection(SolutionConfigurationPlatforms) = preSolution
		Debug|Any CPU = Debug|Any CPU
		Release|Any CPU = Release|Any CPU
	EndGlobalSection
	GlobalSection(ProjectConfigurationPlatforms) = postSolution
		{6305B038-82B3-4EAE-99EA-097261A96777}.Debug|Any CPU.ActiveCfg = Debug|Any CPU
		{6305B038-82B3-4EAE-99EA-097261A96777}.Debug|Any CPU.Build.0 = Debug|Any CPU
		{6305B038-82B3-4EAE-99EA-097261A96777}.Release|Any CPU.ActiveCfg = Release|Any CPU
		{6305B038-82B3-4EAE-99EA-097261A96777}.Release|Any CPU.Build.0 = Release|Any CPU
		{3127FFE3-0F2F-4635-983A-87A6056CC397}.Debug|Any CPU.ActiveCfg = Debug|Any CPU
		{3127FFE3-0F2F-4635-983A-87A6056CC397}.Debug|Any CPU.Build.0 = Debug|Any CPU
		{3127FFE3-0F2F-4635-983A-87A6056CC397}.Release|Any CPU.ActiveCfg = Release|Any CPU
		{3127FFE3-0F2F-4635-983A-87A6056CC397}.Release|Any CPU.Build.0 = Release|Any CPU
		{A49187D5-6403-42E5-A6F2-98E82DE2EC28}.Debug|Any CPU.ActiveCfg = Debug|Any CPU
		{A49187D5-6403-42E5-A6F2-98E82DE2EC28}.Debug|Any CPU.Build.0 = Debug|Any CPU
		{A49187D5-6403-42E5-A6F2-98E82DE2EC28}.Release|Any CPU.ActiveCfg = Release|Any CPU
		{A49187D5-6403-42E5-A6F2-98E82DE2EC28}.Release|Any CPU.Build.0 = Release|Any CPU
		{2D7E0C88-4727-4A89-B2C8-F075C3BCF33D}.Debug|Any CPU.ActiveCfg = Debug|Any CPU
		{2D7E0C88-4727-4A89-B2C8-F075C3BCF33D}.Debug|Any CPU.Build.0 = Debug|Any CPU
		{2D7E0C88-4727-4A89-B2C8-F075C3BCF33D}.Release|Any CPU.ActiveCfg = Release|Any CPU
		{2D7E0C88-4727-4A89-B2C8-F075C3BCF33D}.Release|Any CPU.Build.0 = Release|Any CPU
		{838A82AC-5D49-4EC0-AB8D-072C6F75114D}.Debug|Any CPU.ActiveCfg = Debug|Any CPU
		{838A82AC-5D49-4EC0-AB8D-072C6F75114D}.Debug|Any CPU.Build.0 = Debug|Any CPU
		{838A82AC-5D49-4EC0-AB8D-072C6F75114D}.Release|Any CPU.ActiveCfg = Release|Any CPU
		{838A82AC-5D49-4EC0-AB8D-072C6F75114D}.Release|Any CPU.Build.0 = Release|Any CPU
		{509E161E-FD4F-41DD-9350-72C2B563EE9C}.Debug|Any CPU.ActiveCfg = Debug|Any CPU
		{509E161E-FD4F-41DD-9350-72C2B563EE9C}.Debug|Any CPU.Build.0 = Debug|Any CPU
		{509E161E-FD4F-41DD-9350-72C2B563EE9C}.Release|Any CPU.ActiveCfg = Release|Any CPU
		{509E161E-FD4F-41DD-9350-72C2B563EE9C}.Release|Any CPU.Build.0 = Release|Any CPU
	EndGlobalSection
EndGlobal
