
Microsoft Visual Studio Solution File, Format Version 12.00
Project("{FAE04EC0-301F-11D3-BF4B-00C04F79EFBC}") = "Task01", "Task01\Task01.csproj", "{DB54E045-F9B0-48CC-828B-90AB093F65F5}"
EndProject
Project("{FAE04EC0-301F-11D3-BF4B-00C04F79EFBC}") = "Task02", "Task02\Task02.csproj", "{FBBE32EE-E29D-4DF7-823E-5052883625C1}"
EndProject
Project("{FAE04EC0-301F-11D3-BF4B-00C04F79EFBC}") = "Task03", "Task03\Task03.csproj", "{DF39D18F-6D28-46A4-9F65-513982BD5A5F}"
EndProject
Project("{FAE04EC0-301F-11D3-BF4B-00C04F79EFBC}") = "Task04", "Task04\Task04.csproj", "{515F15E6-EE92-4D39-AF70-AA1E7D41FC4C}"
EndProject
Project("{FAE04EC0-301F-11D3-BF4B-00C04F79EFBC}") = "Task05", "Task05\Task05.csproj", "{912EB96C-14D9-4827-AD6A-57E1FF51EA01}"
EndProject
Project("{FAE04EC0-301F-11D3-BF4B-00C04F79EFBC}") = "Task06", "Task06\Task06.csproj", "{32703B9C-77F3-4924-B589-332126993E31}"
EndProject
Project("{FAE04EC0-301F-11D3-BF4B-00C04F79EFBC}") = "Task07", "Task07\Task07.csproj", "{D05663A4-886D-45C1-9DFF-E80B224CA84D}"
EndProject
Global
	GlobalSection(SolutionConfigurationPlatforms) = preSolution
		Debug|Any CPU = Debug|Any CPU
		Release|Any CPU = Release|Any CPU
	EndGlobalSection
	GlobalSection(ProjectConfigurationPlatforms) = postSolution
		{DB54E045-F9B0-48CC-828B-90AB093F65F5}.Debug|Any CPU.ActiveCfg = Debug|Any CPU
		{DB54E045-F9B0-48CC-828B-90AB093F65F5}.Debug|Any CPU.Build.0 = Debug|Any CPU
		{DB54E045-F9B0-48CC-828B-90AB093F65F5}.Release|Any CPU.ActiveCfg = Release|Any CPU
		{DB54E045-F9B0-48CC-828B-90AB093F65F5}.Release|Any CPU.Build.0 = Release|Any CPU
		{FBBE32EE-E29D-4DF7-823E-5052883625C1}.Debug|Any CPU.ActiveCfg = Debug|Any CPU
		{FBBE32EE-E29D-4DF7-823E-5052883625C1}.Debug|Any CPU.Build.0 = Debug|Any CPU
		{FBBE32EE-E29D-4DF7-823E-5052883625C1}.Release|Any CPU.ActiveCfg = Release|Any CPU
		{FBBE32EE-E29D-4DF7-823E-5052883625C1}.Release|Any CPU.Build.0 = Release|Any CPU
		{DF39D18F-6D28-46A4-9F65-513982BD5A5F}.Debug|Any CPU.ActiveCfg = Debug|Any CPU
		{DF39D18F-6D28-46A4-9F65-513982BD5A5F}.Debug|Any CPU.Build.0 = Debug|Any CPU
		{DF39D18F-6D28-46A4-9F65-513982BD5A5F}.Release|Any CPU.ActiveCfg = Release|Any CPU
		{DF39D18F-6D28-46A4-9F65-513982BD5A5F}.Release|Any CPU.Build.0 = Release|Any CPU
		{515F15E6-EE92-4D39-AF70-AA1E7D41FC4C}.Debug|Any CPU.ActiveCfg = Debug|Any CPU
		{515F15E6-EE92-4D39-AF70-AA1E7D41FC4C}.Debug|Any CPU.Build.0 = Debug|Any CPU
		{515F15E6-EE92-4D39-AF70-AA1E7D41FC4C}.Release|Any CPU.ActiveCfg = Release|Any CPU
		{515F15E6-EE92-4D39-AF70-AA1E7D41FC4C}.Release|Any CPU.Build.0 = Release|Any CPU
		{912EB96C-14D9-4827-AD6A-57E1FF51EA01}.Debug|Any CPU.ActiveCfg = Debug|Any CPU
		{912EB96C-14D9-4827-AD6A-57E1FF51EA01}.Debug|Any CPU.Build.0 = Debug|Any CPU
		{912EB96C-14D9-4827-AD6A-57E1FF51EA01}.Release|Any CPU.ActiveCfg = Release|Any CPU
		{912EB96C-14D9-4827-AD6A-57E1FF51EA01}.Release|Any CPU.Build.0 = Release|Any CPU
		{32703B9C-77F3-4924-B589-332126993E31}.Debug|Any CPU.ActiveCfg = Debug|Any CPU
		{32703B9C-77F3-4924-B589-332126993E31}.Debug|Any CPU.Build.0 = Debug|Any CPU
		{32703B9C-77F3-4924-B589-332126993E31}.Release|Any CPU.ActiveCfg = Release|Any CPU
		{32703B9C-77F3-4924-B589-332126993E31}.Release|Any CPU.Build.0 = Release|Any CPU
		{D05663A4-886D-45C1-9DFF-E80B224CA84D}.Debug|Any CPU.ActiveCfg = Debug|Any CPU
		{D05663A4-886D-45C1-9DFF-E80B224CA84D}.Debug|Any CPU.Build.0 = Debug|Any CPU
		{D05663A4-886D-45C1-9DFF-E80B224CA84D}.Release|Any CPU.ActiveCfg = Release|Any CPU
		{D05663A4-886D-45C1-9DFF-E80B224CA84D}.Release|Any CPU.Build.0 = Release|Any CPU
	EndGlobalSection
EndGlobal
